
Microsoft Visual Studio Solution File, Format Version 12.00
# Visual Studio Version 16
VisualStudioVersion = 16.0.29102.190
MinimumVisualStudioVersion = 10.0.40219.1
Project("{FAE04EC0-301F-11D3-BF4B-00C04F79EFBC}") = "TroopyMonitor.Business", "TroopyMonitor.Business\TroopyMonitor.Business.csproj", "{06320799-E866-447D-B1ED-260693729F44}"
EndProject
Project("{FAE04EC0-301F-11D3-BF4B-00C04F79EFBC}") = "TroopyMonitor.Test", "TroopyMonitor.Test\TroopyMonitor.Test.csproj", "{DA615CE4-8F86-4015-996E-8DCBA98A29AE}"
EndProject
Project("{FAE04EC0-301F-11D3-BF4B-00C04F79EFBC}") = "TroopyMonitor.Console", "TroopyMonitor.Console\TroopyMonitor.Console.csproj", "{4EC3E23A-D12E-4398-B9A5-3A8C91338EE6}"
EndProject
Global
	GlobalSection(SolutionConfigurationPlatforms) = preSolution
		Debug|Any CPU = Debug|Any CPU
		Release|Any CPU = Release|Any CPU
	EndGlobalSection
	GlobalSection(ProjectConfigurationPlatforms) = postSolution
		{06320799-E866-447D-B1ED-260693729F44}.Debug|Any CPU.ActiveCfg = Debug|Any CPU
		{06320799-E866-447D-B1ED-260693729F44}.Debug|Any CPU.Build.0 = Debug|Any CPU
		{06320799-E866-447D-B1ED-260693729F44}.Release|Any CPU.ActiveCfg = Release|Any CPU
		{06320799-E866-447D-B1ED-260693729F44}.Release|Any CPU.Build.0 = Release|Any CPU
		{DA615CE4-8F86-4015-996E-8DCBA98A29AE}.Debug|Any CPU.ActiveCfg = Debug|Any CPU
		{DA615CE4-8F86-4015-996E-8DCBA98A29AE}.Debug|Any CPU.Build.0 = Debug|Any CPU
		{DA615CE4-8F86-4015-996E-8DCBA98A29AE}.Release|Any CPU.ActiveCfg = Release|Any CPU
		{DA615CE4-8F86-4015-996E-8DCBA98A29AE}.Release|Any CPU.Build.0 = Release|Any CPU
		{4EC3E23A-D12E-4398-B9A5-3A8C91338EE6}.Debug|Any CPU.ActiveCfg = Debug|Any CPU
		{4EC3E23A-D12E-4398-B9A5-3A8C91338EE6}.Debug|Any CPU.Build.0 = Debug|Any CPU
		{4EC3E23A-D12E-4398-B9A5-3A8C91338EE6}.Release|Any CPU.ActiveCfg = Release|Any CPU
		{4EC3E23A-D12E-4398-B9A5-3A8C91338EE6}.Release|Any CPU.Build.0 = Release|Any CPU
	EndGlobalSection
	GlobalSection(SolutionProperties) = preSolution
		HideSolutionNode = FALSE
	EndGlobalSection
	GlobalSection(ExtensibilityGlobals) = postSolution
		SolutionGuid = {12460C26-CE54-42CB-8A61-B8F3F0F6E2F7}
	EndGlobalSection
EndGlobal
